
Microsoft Visual Studio Solution File, Format Version 12.00
# Visual Studio Version 17
VisualStudioVersion = 17.6.33815.320
MinimumVisualStudioVersion = 10.0.40219.1
Project("{FAE04EC0-301F-11D3-BF4B-00C04F79EFBC}") = "HW2_Pro", "HW2_Pro\HW2_Pro.csproj", "{868A57A6-16A5-4721-9D23-3FE7EDAD36FE}"
EndProject
Global
	GlobalSection(SolutionConfigurationPlatforms) = preSolution
		Debug|Any CPU = Debug|Any CPU
		Release|Any CPU = Release|Any CPU
	EndGlobalSection
	GlobalSection(ProjectConfigurationPlatforms) = postSolution
		{868A57A6-16A5-4721-9D23-3FE7EDAD36FE}.Debug|Any CPU.ActiveCfg = Debug|Any CPU
		{868A57A6-16A5-4721-9D23-3FE7EDAD36FE}.Debug|Any CPU.Build.0 = Debug|Any CPU
		{868A57A6-16A5-4721-9D23-3FE7EDAD36FE}.Release|Any CPU.ActiveCfg = Release|Any CPU
		{868A57A6-16A5-4721-9D23-3FE7EDAD36FE}.Release|Any CPU.Build.0 = Release|Any CPU
	EndGlobalSection
	GlobalSection(SolutionProperties) = preSolution
		HideSolutionNode = FALSE
	EndGlobalSection
	GlobalSection(ExtensibilityGlobals) = postSolution
		SolutionGuid = {AF13BA85-7394-45C0-901C-AA2646C927E3}
	EndGlobalSection
EndGlobal
